// !$*UTF8*$!
{
	archiveVersion = 1;
	classes = {
	};
	objectVersion = 50;
	objects = {

/* Begin PBXBuildFile section */
		2BC2927F265107BB0019A6C1 /* Tests_iOS.swift in Sources */ = {isa = PBXBuildFile; fileRef = 2BC2927E265107BB0019A6C1 /* Tests_iOS.swift */; };
		2BC2928A265107BB0019A6C1 /* Tests_macOS.swift in Sources */ = {isa = PBXBuildFile; fileRef = 2BC29289265107BB0019A6C1 /* Tests_macOS.swift */; };
		2BC2928C265107BB0019A6C1 /* MetalPlaygroundApp.swift in Sources */ = {isa = PBXBuildFile; fileRef = 2BC29263265107B90019A6C1 /* MetalPlaygroundApp.swift */; };
		2BC2928D265107BB0019A6C1 /* MetalPlaygroundApp.swift in Sources */ = {isa = PBXBuildFile; fileRef = 2BC29263265107B90019A6C1 /* MetalPlaygroundApp.swift */; };
		2BC2928E265107BB0019A6C1 /* ContentView.swift in Sources */ = {isa = PBXBuildFile; fileRef = 2BC29264265107B90019A6C1 /* ContentView.swift */; };
		2BC2928F265107BB0019A6C1 /* ContentView.swift in Sources */ = {isa = PBXBuildFile; fileRef = 2BC29264265107B90019A6C1 /* ContentView.swift */; };
		2BC29290265107BB0019A6C1 /* Assets.xcassets in Resources */ = {isa = PBXBuildFile; fileRef = 2BC29265265107BB0019A6C1 /* Assets.xcassets */; };
		2BC29291265107BB0019A6C1 /* Assets.xcassets in Resources */ = {isa = PBXBuildFile; fileRef = 2BC29265265107BB0019A6C1 /* Assets.xcassets */; };
		2BC292A1265109A40019A6C1 /* Adder.metal in Sources */ = {isa = PBXBuildFile; fileRef = 2BC292A0265109A40019A6C1 /* Adder.metal */; };
		2BC292A2265109A40019A6C1 /* Adder.metal in Sources */ = {isa = PBXBuildFile; fileRef = 2BC292A0265109A40019A6C1 /* Adder.metal */; };
/* End PBXBuildFile section */

/* Begin PBXContainerItemProxy section */
		2BC2927B265107BB0019A6C1 /* PBXContainerItemProxy */ = {
			isa = PBXContainerItemProxy;
			containerPortal = 2BC2925E265107B80019A6C1 /* Project object */;
			proxyType = 1;
			remoteGlobalIDString = 2BC29269265107BB0019A6C1;
			remoteInfo = "MetalPlayground (iOS)";
		};
		2BC29286265107BB0019A6C1 /* PBXContainerItemProxy */ = {
			isa = PBXContainerItemProxy;
			containerPortal = 2BC2925E265107B80019A6C1 /* Project object */;
			proxyType = 1;
			remoteGlobalIDString = 2BC29271265107BB0019A6C1;
			remoteInfo = "MetalPlayground (macOS)";
		};
/* End PBXContainerItemProxy section */

/* Begin PBXFileReference section */
		2BC29263265107B90019A6C1 /* MetalPlaygroundApp.swift */ = {isa = PBXFileReference; lastKnownFileType = sourcecode.swift; path = MetalPlaygroundApp.swift; sourceTree = "<group>"; };
		2BC29264265107B90019A6C1 /* ContentView.swift */ = {isa = PBXFileReference; lastKnownFileType = sourcecode.swift; path = ContentView.swift; sourceTree = "<group>"; };
		2BC29265265107BB0019A6C1 /* Assets.xcassets */ = {isa = PBXFileReference; lastKnownFileType = folder.assetcatalog; path = Assets.xcassets; sourceTree = "<group>"; };
		2BC2926A265107BB0019A6C1 /* MetalPlayground.app */ = {isa = PBXFileReference; explicitFileType = wrapper.application; includeInIndex = 0; path = MetalPlayground.app; sourceTree = BUILT_PRODUCTS_DIR; };
		2BC2926D265107BB0019A6C1 /* Info.plist */ = {isa = PBXFileReference; lastKnownFileType = text.plist.xml; path = Info.plist; sourceTree = "<group>"; };
		2BC29272265107BB0019A6C1 /* MetalPlayground.app */ = {isa = PBXFileReference; explicitFileType = wrapper.application; includeInIndex = 0; path = MetalPlayground.app; sourceTree = BUILT_PRODUCTS_DIR; };
		2BC29274265107BB0019A6C1 /* Info.plist */ = {isa = PBXFileReference; lastKnownFileType = text.plist.xml; path = Info.plist; sourceTree = "<group>"; };
		2BC29275265107BB0019A6C1 /* macOS.entitlements */ = {isa = PBXFileReference; lastKnownFileType = text.plist.entitlements; path = macOS.entitlements; sourceTree = "<group>"; };
		2BC2927A265107BB0019A6C1 /* Tests iOS.xctest */ = {isa = PBXFileReference; explicitFileType = wrapper.cfbundle; includeInIndex = 0; path = "Tests iOS.xctest"; sourceTree = BUILT_PRODUCTS_DIR; };
		2BC2927E265107BB0019A6C1 /* Tests_iOS.swift */ = {isa = PBXFileReference; lastKnownFileType = sourcecode.swift; path = Tests_iOS.swift; sourceTree = "<group>"; };
		2BC29280265107BB0019A6C1 /* Info.plist */ = {isa = PBXFileReference; lastKnownFileType = text.plist.xml; path = Info.plist; sourceTree = "<group>"; };
		2BC29285265107BB0019A6C1 /* Tests macOS.xctest */ = {isa = PBXFileReference; explicitFileType = wrapper.cfbundle; includeInIndex = 0; path = "Tests macOS.xctest"; sourceTree = BUILT_PRODUCTS_DIR; };
		2BC29289265107BB0019A6C1 /* Tests_macOS.swift */ = {isa = PBXFileReference; lastKnownFileType = sourcecode.swift; path = Tests_macOS.swift; sourceTree = "<group>"; };
		2BC2928B265107BB0019A6C1 /* Info.plist */ = {isa = PBXFileReference; lastKnownFileType = text.plist.xml; path = Info.plist; sourceTree = "<group>"; };
		2BC292A0265109A40019A6C1 /* Adder.metal */ = {isa = PBXFileReference; lastKnownFileType = sourcecode.metal; path = Adder.metal; sourceTree = "<group>"; };
/* End PBXFileReference section */

/* Begin PBXFrameworksBuildPhase section */
		2BC29267265107BB0019A6C1 /* Frameworks */ = {
			isa = PBXFrameworksBuildPhase;
			buildActionMask = 2147483647;
			files = (
			);
			runOnlyForDeploymentPostprocessing = 0;
		};
		2BC2926F265107BB0019A6C1 /* Frameworks */ = {
			isa = PBXFrameworksBuildPhase;
			buildActionMask = 2147483647;
			files = (
			);
			runOnlyForDeploymentPostprocessing = 0;
		};
		2BC29277265107BB0019A6C1 /* Frameworks */ = {
			isa = PBXFrameworksBuildPhase;
			buildActionMask = 2147483647;
			files = (
			);
			runOnlyForDeploymentPostprocessing = 0;
		};
		2BC29282265107BB0019A6C1 /* Frameworks */ = {
			isa = PBXFrameworksBuildPhase;
			buildActionMask = 2147483647;
			files = (
			);
			runOnlyForDeploymentPostprocessing = 0;
		};
/* End PBXFrameworksBuildPhase section */

/* Begin PBXGroup section */
		2BC2925D265107B80019A6C1 = {
			isa = PBXGroup;
			children = (
				2BC29262265107B90019A6C1 /* Shared */,
				2BC2926C265107BB0019A6C1 /* iOS */,
				2BC29273265107BB0019A6C1 /* macOS */,
				2BC2927D265107BB0019A6C1 /* Tests iOS */,
				2BC29288265107BB0019A6C1 /* Tests macOS */,
				2BC2926B265107BB0019A6C1 /* Products */,
			);
			sourceTree = "<group>";
		};
		2BC29262265107B90019A6C1 /* Shared */ = {
			isa = PBXGroup;
			children = (
				2BC29263265107B90019A6C1 /* MetalPlaygroundApp.swift */,
				2BC29264265107B90019A6C1 /* ContentView.swift */,
				2BC29265265107BB0019A6C1 /* Assets.xcassets */,
				2BC292A0265109A40019A6C1 /* Adder.metal */,
			);
			path = Shared;
			sourceTree = "<group>";
		};
		2BC2926B265107BB0019A6C1 /* Products */ = {
			isa = PBXGroup;
			children = (
				2BC2926A265107BB0019A6C1 /* MetalPlayground.app */,
				2BC29272265107BB0019A6C1 /* MetalPlayground.app */,
				2BC2927A265107BB0019A6C1 /* Tests iOS.xctest */,
				2BC29285265107BB0019A6C1 /* Tests macOS.xctest */,
			);
			name = Products;
			sourceTree = "<group>";
		};
		2BC2926C265107BB0019A6C1 /* iOS */ = {
			isa = PBXGroup;
			children = (
				2BC2926D265107BB0019A6C1 /* Info.plist */,
			);
			path = iOS;
			sourceTree = "<group>";
		};
		2BC29273265107BB0019A6C1 /* macOS */ = {
			isa = PBXGroup;
			children = (
				2BC29274265107BB0019A6C1 /* Info.plist */,
				2BC29275265107BB0019A6C1 /* macOS.entitlements */,
			);
			path = macOS;
			sourceTree = "<group>";
		};
		2BC2927D265107BB0019A6C1 /* Tests iOS */ = {
			isa = PBXGroup;
			children = (
				2BC2927E265107BB0019A6C1 /* Tests_iOS.swift */,
				2BC29280265107BB0019A6C1 /* Info.plist */,
			);
			path = "Tests iOS";
			sourceTree = "<group>";
		};
		2BC29288265107BB0019A6C1 /* Tests macOS */ = {
			isa = PBXGroup;
			children = (
				2BC29289265107BB0019A6C1 /* Tests_macOS.swift */,
				2BC2928B265107BB0019A6C1 /* Info.plist */,
			);
			path = "Tests macOS";
			sourceTree = "<group>";
		};
/* End PBXGroup section */

/* Begin PBXNativeTarget section */
		2BC29269265107BB0019A6C1 /* MetalPlayground (iOS) */ = {
			isa = PBXNativeTarget;
			buildConfigurationList = 2BC29294265107BB0019A6C1 /* Build configuration list for PBXNativeTarget "MetalPlayground (iOS)" */;
			buildPhases = (
				2BC29266265107BB0019A6C1 /* Sources */,
				2BC29267265107BB0019A6C1 /* Frameworks */,
				2BC29268265107BB0019A6C1 /* Resources */,
			);
			buildRules = (
			);
			dependencies = (
			);
			name = "MetalPlayground (iOS)";
			productName = "MetalPlayground (iOS)";
			productReference = 2BC2926A265107BB0019A6C1 /* MetalPlayground.app */;
			productType = "com.apple.product-type.application";
		};
		2BC29271265107BB0019A6C1 /* MetalPlayground (macOS) */ = {
			isa = PBXNativeTarget;
			buildConfigurationList = 2BC29297265107BB0019A6C1 /* Build configuration list for PBXNativeTarget "MetalPlayground (macOS)" */;
			buildPhases = (
				2BC2926E265107BB0019A6C1 /* Sources */,
				2BC2926F265107BB0019A6C1 /* Frameworks */,
				2BC29270265107BB0019A6C1 /* Resources */,
			);
			buildRules = (
			);
			dependencies = (
			);
			name = "MetalPlayground (macOS)";
			productName = "MetalPlayground (macOS)";
			productReference = 2BC29272265107BB0019A6C1 /* MetalPlayground.app */;
			productType = "com.apple.product-type.application";
		};
		2BC29279265107BB0019A6C1 /* Tests iOS */ = {
			isa = PBXNativeTarget;
			buildConfigurationList = 2BC2929A265107BB0019A6C1 /* Build configuration list for PBXNativeTarget "Tests iOS" */;
			buildPhases = (
				2BC29276265107BB0019A6C1 /* Sources */,
				2BC29277265107BB0019A6C1 /* Frameworks */,
				2BC29278265107BB0019A6C1 /* Resources */,
			);
			buildRules = (
			);
			dependencies = (
				2BC2927C265107BB0019A6C1 /* PBXTargetDependency */,
			);
			name = "Tests iOS";
			productName = "Tests iOS";
			productReference = 2BC2927A265107BB0019A6C1 /* Tests iOS.xctest */;
			productType = "com.apple.product-type.bundle.ui-testing";
		};
		2BC29284265107BB0019A6C1 /* Tests macOS */ = {
			isa = PBXNativeTarget;
			buildConfigurationList = 2BC2929D265107BB0019A6C1 /* Build configuration list for PBXNativeTarget "Tests macOS" */;
			buildPhases = (
				2BC29281265107BB0019A6C1 /* Sources */,
				2BC29282265107BB0019A6C1 /* Frameworks */,
				2BC29283265107BB0019A6C1 /* Resources */,
			);
			buildRules = (
			);
			dependencies = (
				2BC29287265107BB0019A6C1 /* PBXTargetDependency */,
			);
			name = "Tests macOS";
			productName = "Tests macOS";
			productReference = 2BC29285265107BB0019A6C1 /* Tests macOS.xctest */;
			productType = "com.apple.product-type.bundle.ui-testing";
		};
/* End PBXNativeTarget section */

/* Begin PBXProject section */
		2BC2925E265107B80019A6C1 /* Project object */ = {
			isa = PBXProject;
			attributes = {
				LastSwiftUpdateCheck = 1250;
				LastUpgradeCheck = 1250;
				TargetAttributes = {
					2BC29269265107BB0019A6C1 = {
						CreatedOnToolsVersion = 12.5;
					};
					2BC29271265107BB0019A6C1 = {
						CreatedOnToolsVersion = 12.5;
					};
					2BC29279265107BB0019A6C1 = {
						CreatedOnToolsVersion = 12.5;
						TestTargetID = 2BC29269265107BB0019A6C1;
					};
					2BC29284265107BB0019A6C1 = {
						CreatedOnToolsVersion = 12.5;
						TestTargetID = 2BC29271265107BB0019A6C1;
					};
				};
			};
			buildConfigurationList = 2BC29261265107B80019A6C1 /* Build configuration list for PBXProject "MetalPlayground" */;
			compatibilityVersion = "Xcode 9.3";
			developmentRegion = en;
			hasScannedForEncodings = 0;
			knownRegions = (
				en,
				Base,
			);
			mainGroup = 2BC2925D265107B80019A6C1;
			productRefGroup = 2BC2926B265107BB0019A6C1 /* Products */;
			projectDirPath = "";
			projectRoot = "";
			targets = (
				2BC29269265107BB0019A6C1 /* MetalPlayground (iOS) */,
				2BC29271265107BB0019A6C1 /* MetalPlayground (macOS) */,
				2BC29279265107BB0019A6C1 /* Tests iOS */,
				2BC29284265107BB0019A6C1 /* Tests macOS */,
			);
		};
/* End PBXProject section */

/* Begin PBXResourcesBuildPhase section */
		2BC29268265107BB0019A6C1 /* Resources */ = {
			isa = PBXResourcesBuildPhase;
			buildActionMask = 2147483647;
			files = (
				2BC29290265107BB0019A6C1 /* Assets.xcassets in Resources */,
			);
			runOnlyForDeploymentPostprocessing = 0;
		};
		2BC29270265107BB0019A6C1 /* Resources */ = {
			isa = PBXResourcesBuildPhase;
			buildActionMask = 2147483647;
			files = (
				2BC29291265107BB0019A6C1 /* Assets.xcassets in Resources */,
			);
			runOnlyForDeploymentPostprocessing = 0;
		};
		2BC29278265107BB0019A6C1 /* Resources */ = {
			isa = PBXResourcesBuildPhase;
			buildActionMask = 2147483647;
			files = (
			);
			runOnlyForDeploymentPostprocessing = 0;
		};
		2BC29283265107BB0019A6C1 /* Resources */ = {
			isa = PBXResourcesBuildPhase;
			buildActionMask = 2147483647;
			files = (
			);
			runOnlyForDeploymentPostprocessing = 0;
		};
/* End PBXResourcesBuildPhase section */

/* Begin PBXSourcesBuildPhase section */
		2BC29266265107BB0019A6C1 /* Sources */ = {
			isa = PBXSourcesBuildPhase;
			buildActionMask = 2147483647;
			files = (
				2BC2928E265107BB0019A6C1 /* ContentView.swift in Sources */,
				2BC2928C265107BB0019A6C1 /* MetalPlaygroundApp.swift in Sources */,
				2BC292A1265109A40019A6C1 /* Adder.metal in Sources */,
			);
			runOnlyForDeploymentPostprocessing = 0;
		};
		2BC2926E265107BB0019A6C1 /* Sources */ = {
			isa = PBXSourcesBuildPhase;
			buildActionMask = 2147483647;
			files = (
				2BC2928F265107BB0019A6C1 /* ContentView.swift in Sources */,
				2BC2928D265107BB0019A6C1 /* MetalPlaygroundApp.swift in Sources */,
				2BC292A2265109A40019A6C1 /* Adder.metal in Sources */,
			);
			runOnlyForDeploymentPostprocessing = 0;
		};
		2BC29276265107BB0019A6C1 /* Sources */ = {
			isa = PBXSourcesBuildPhase;
			buildActionMask = 2147483647;
			files = (
				2BC2927F265107BB0019A6C1 /* Tests_iOS.swift in Sources */,
			);
			runOnlyForDeploymentPostprocessing = 0;
		};
		2BC29281265107BB0019A6C1 /* Sources */ = {
			isa = PBXSourcesBuildPhase;
			buildActionMask = 2147483647;
			files = (
				2BC2928A265107BB0019A6C1 /* Tests_macOS.swift in Sources */,
			);
			runOnlyForDeploymentPostprocessing = 0;
		};
/* End PBXSourcesBuildPhase section */

/* Begin PBXTargetDependency section */
		2BC2927C265107BB0019A6C1 /* PBXTargetDependency */ = {
			isa = PBXTargetDependency;
			target = 2BC29269265107BB0019A6C1 /* MetalPlayground (iOS) */;
			targetProxy = 2BC2927B265107BB0019A6C1 /* PBXContainerItemProxy */;
		};
		2BC29287265107BB0019A6C1 /* PBXTargetDependency */ = {
			isa = PBXTargetDependency;
			target = 2BC29271265107BB0019A6C1 /* MetalPlayground (macOS) */;
			targetProxy = 2BC29286265107BB0019A6C1 /* PBXContainerItemProxy */;
		};
/* End PBXTargetDependency section */

/* Begin XCBuildConfiguration section */
		2BC29292265107BB0019A6C1 /* Debug */ = {
			isa = XCBuildConfiguration;
			buildSettings = {
				ALWAYS_SEARCH_USER_PATHS = NO;
				CLANG_ANALYZER_NONNULL = YES;
				CLANG_ANALYZER_NUMBER_OBJECT_CONVERSION = YES_AGGRESSIVE;
				CLANG_CXX_LANGUAGE_STANDARD = "gnu++14";
				CLANG_CXX_LIBRARY = "libc++";
				CLANG_ENABLE_MODULES = YES;
				CLANG_ENABLE_OBJC_ARC = YES;
				CLANG_ENABLE_OBJC_WEAK = YES;
				CLANG_WARN_BLOCK_CAPTURE_AUTORELEASING = YES;
				CLANG_WARN_BOOL_CONVERSION = YES;
				CLANG_WARN_COMMA = YES;
				CLANG_WARN_CONSTANT_CONVERSION = YES;
				CLANG_WARN_DEPRECATED_OBJC_IMPLEMENTATIONS = YES;
				CLANG_WARN_DIRECT_OBJC_ISA_USAGE = YES_ERROR;
				CLANG_WARN_DOCUMENTATION_COMMENTS = YES;
				CLANG_WARN_EMPTY_BODY = YES;
				CLANG_WARN_ENUM_CONVERSION = YES;
				CLANG_WARN_INFINITE_RECURSION = YES;
				CLANG_WARN_INT_CONVERSION = YES;
				CLANG_WARN_NON_LITERAL_NULL_CONVERSION = YES;
				CLANG_WARN_OBJC_IMPLICIT_RETAIN_SELF = YES;
				CLANG_WARN_OBJC_LITERAL_CONVERSION = YES;
				CLANG_WARN_OBJC_ROOT_CLASS = YES_ERROR;
				CLANG_WARN_QUOTED_INCLUDE_IN_FRAMEWORK_HEADER = YES;
				CLANG_WARN_RANGE_LOOP_ANALYSIS = YES;
				CLANG_WARN_STRICT_PROTOTYPES = YES;
				CLANG_WARN_SUSPICIOUS_MOVE = YES;
				CLANG_WARN_UNGUARDED_AVAILABILITY = YES_AGGRESSIVE;
				CLANG_WARN_UNREACHABLE_CODE = YES;
				CLANG_WARN__DUPLICATE_METHOD_MATCH = YES;
				COPY_PHASE_STRIP = NO;
				DEBUG_INFORMATION_FORMAT = dwarf;
				ENABLE_STRICT_OBJC_MSGSEND = YES;
				ENABLE_TESTABILITY = YES;
				GCC_C_LANGUAGE_STANDARD = gnu11;
				GCC_DYNAMIC_NO_PIC = NO;
				GCC_NO_COMMON_BLOCKS = YES;
				GCC_OPTIMIZATION_LEVEL = 0;
				GCC_PREPROCESSOR_DEFINITIONS = (
					"DEBUG=1",
					"$(inherited)",
				);
				GCC_WARN_64_TO_32_BIT_CONVERSION = YES;
				GCC_WARN_ABOUT_RETURN_TYPE = YES_ERROR;
				GCC_WARN_UNDECLARED_SELECTOR = YES;
				GCC_WARN_UNINITIALIZED_AUTOS = YES_AGGRESSIVE;
				GCC_WARN_UNUSED_FUNCTION = YES;
				GCC_WARN_UNUSED_VARIABLE = YES;
				MTL_ENABLE_DEBUG_INFO = INCLUDE_SOURCE;
				MTL_FAST_MATH = YES;
				ONLY_ACTIVE_ARCH = YES;
				SWIFT_ACTIVE_COMPILATION_CONDITIONS = DEBUG;
				SWIFT_OPTIMIZATION_LEVEL = "-Onone";
			};
			name = Debug;
		};
		2BC29293265107BB0019A6C1 /* Release */ = {
			isa = XCBuildConfiguration;
			buildSettings = {
				ALWAYS_SEARCH_USER_PATHS = NO;
				CLANG_ANALYZER_NONNULL = YES;
				CLANG_ANALYZER_NUMBER_OBJECT_CONVERSION = YES_AGGRESSIVE;
				CLANG_CXX_LANGUAGE_STANDARD = "gnu++14";
				CLANG_CXX_LIBRARY = "libc++";
				CLANG_ENABLE_MODULES = YES;
				CLANG_ENABLE_OBJC_ARC = YES;
				CLANG_ENABLE_OBJC_WEAK = YES;
				CLANG_WARN_BLOCK_CAPTURE_AUTORELEASING = YES;
				CLANG_WARN_BOOL_CONVERSION = YES;
				CLANG_WARN_COMMA = YES;
				CLANG_WARN_CONSTANT_CONVERSION = YES;
				CLANG_WARN_DEPRECATED_OBJC_IMPLEMENTATIONS = YES;
				CLANG_WARN_DIRECT_OBJC_ISA_USAGE = YES_ERROR;
				CLANG_WARN_DOCUMENTATION_COMMENTS = YES;
				CLANG_WARN_EMPTY_BODY = YES;
				CLANG_WARN_ENUM_CONVERSION = YES;
				CLANG_WARN_INFINITE_RECURSION = YES;
				CLANG_WARN_INT_CONVERSION = YES;
				CLANG_WARN_NON_LITERAL_NULL_CONVERSION = YES;
				CLANG_WARN_OBJC_IMPLICIT_RETAIN_SELF = YES;
				CLANG_WARN_OBJC_LITERAL_CONVERSION = YES;
				CLANG_WARN_OBJC_ROOT_CLASS = YES_ERROR;
				CLANG_WARN_QUOTED_INCLUDE_IN_FRAMEWORK_HEADER = YES;
				CLANG_WARN_RANGE_LOOP_ANALYSIS = YES;
				CLANG_WARN_STRICT_PROTOTYPES = YES;
				CLANG_WARN_SUSPICIOUS_MOVE = YES;
				CLANG_WARN_UNGUARDED_AVAILABILITY = YES_AGGRESSIVE;
				CLANG_WARN_UNREACHABLE_CODE = YES;
				CLANG_WARN__DUPLICATE_METHOD_MATCH = YES;
				COPY_PHASE_STRIP = NO;
				DEBUG_INFORMATION_FORMAT = "dwarf-with-dsym";
				ENABLE_NS_ASSERTIONS = NO;
				ENABLE_STRICT_OBJC_MSGSEND = YES;
				GCC_C_LANGUAGE_STANDARD = gnu11;
				GCC_NO_COMMON_BLOCKS = YES;
				GCC_WARN_64_TO_32_BIT_CONVERSION = YES;
				GCC_WARN_ABOUT_RETURN_TYPE = YES_ERROR;
				GCC_WARN_UNDECLARED_SELECTOR = YES;
				GCC_WARN_UNINITIALIZED_AUTOS = YES_AGGRESSIVE;
				GCC_WARN_UNUSED_FUNCTION = YES;
				GCC_WARN_UNUSED_VARIABLE = YES;
				MTL_ENABLE_DEBUG_INFO = NO;
				MTL_FAST_MATH = YES;
				SWIFT_COMPILATION_MODE = wholemodule;
				SWIFT_OPTIMIZATION_LEVEL = "-O";
			};
			name = Release;
		};
		2BC29295265107BB0019A6C1 /* Debug */ = {
			isa = XCBuildConfiguration;
			buildSettings = {
				ASSETCATALOG_COMPILER_APPICON_NAME = AppIcon;
				ASSETCATALOG_COMPILER_GLOBAL_ACCENT_COLOR_NAME = AccentColor;
				CODE_SIGN_STYLE = Automatic;
				DEVELOPMENT_TEAM = 394NW83YCQ;
				ENABLE_PREVIEWS = YES;
				INFOPLIST_FILE = iOS/Info.plist;
				IPHONEOS_DEPLOYMENT_TARGET = 14.0;
				LD_RUNPATH_SEARCH_PATHS = (
					"$(inherited)",
					"@executable_path/Frameworks",
				);
				PRODUCT_BUNDLE_IDENTIFIER = engrave.MetalPlayground;
				PRODUCT_NAME = MetalPlayground;
				SDKROOT = iphoneos;
				SWIFT_VERSION = 5.0;
				TARGETED_DEVICE_FAMILY = "1,2";
			};
			name = Debug;
		};
		2BC29296265107BB0019A6C1 /* Release */ = {
			isa = XCBuildConfiguration;
			buildSettings = {
				ASSETCATALOG_COMPILER_APPICON_NAME = AppIcon;
				ASSETCATALOG_COMPILER_GLOBAL_ACCENT_COLOR_NAME = AccentColor;
				CODE_SIGN_STYLE = Automatic;
				DEVELOPMENT_TEAM = 394NW83YCQ;
				ENABLE_PREVIEWS = YES;
				INFOPLIST_FILE = iOS/Info.plist;
				IPHONEOS_DEPLOYMENT_TARGET = 14.0;
				LD_RUNPATH_SEARCH_PATHS = (
					"$(inherited)",
					"@executable_path/Frameworks",
				);
				PRODUCT_BUNDLE_IDENTIFIER = engrave.MetalPlayground;
				PRODUCT_NAME = MetalPlayground;
				SDKROOT = iphoneos;
				SWIFT_VERSION = 5.0;
				TARGETED_DEVICE_FAMILY = "1,2";
				VALIDATE_PRODUCT = YES;
			};
			name = Release;
		};
		2BC29298265107BB0019A6C1 /* Debug */ = {
			isa = XCBuildConfiguration;
			buildSettings = {
				ASSETCATALOG_COMPILER_APPICON_NAME = AppIcon;
				ASSETCATALOG_COMPILER_GLOBAL_ACCENT_COLOR_NAME = AccentColor;
				CODE_SIGN_ENTITLEMENTS = macOS/macOS.entitlements;
				CODE_SIGN_STYLE = Automatic;
				COMBINE_HIDPI_IMAGES = YES;
				DEVELOPMENT_TEAM = 394NW83YCQ;
				ENABLE_HARDENED_RUNTIME = YES;
				ENABLE_PREVIEWS = YES;
				INFOPLIST_FILE = macOS/Info.plist;
				LD_RUNPATH_SEARCH_PATHS = (
					"$(inherited)",
					"@executable_path/../Frameworks",
				);
				MACOSX_DEPLOYMENT_TARGET = 11.0;
				PRODUCT_BUNDLE_IDENTIFIER = engrave.MetalPlayground;
				PRODUCT_NAME = MetalPlayground;
				SDKROOT = macosx;
				SWIFT_VERSION = 5.0;
			};
			name = Debug;
		};
		2BC29299265107BB0019A6C1 /* Release */ = {
			isa = XCBuildConfiguration;
			buildSettings = {
				ASSETCATALOG_COMPILER_APPICON_NAME = AppIcon;
				ASSETCATALOG_COMPILER_GLOBAL_ACCENT_COLOR_NAME = AccentColor;
				CODE_SIGN_ENTITLEMENTS = macOS/macOS.entitlements;
				CODE_SIGN_STYLE = Automatic;
				COMBINE_HIDPI_IMAGES = YES;
				DEVELOPMENT_TEAM = 394NW83YCQ;
				ENABLE_HARDENED_RUNTIME = YES;
				ENABLE_PREVIEWS = YES;
				INFOPLIST_FILE = macOS/Info.plist;
				LD_RUNPATH_SEARCH_PATHS = (
					"$(inherited)",
					"@executable_path/../Frameworks",
				);
				MACOSX_DEPLOYMENT_TARGET = 11.0;
				PRODUCT_BUNDLE_IDENTIFIER = engrave.MetalPlayground;
				PRODUCT_NAME = MetalPlayground;
				SDKROOT = macosx;
				SWIFT_VERSION = 5.0;
			};
			name = Release;
		};
		2BC2929B265107BB0019A6C1 /* Debug */ = {
			isa = XCBuildConfiguration;
			buildSettings = {
				ALWAYS_EMBED_SWIFT_STANDARD_LIBRARIES = YES;
				CODE_SIGN_STYLE = Automatic;
				DEVELOPMENT_TEAM = 394NW83YCQ;
				INFOPLIST_FILE = "Tests iOS/Info.plist";
				IPHONEOS_DEPLOYMENT_TARGET = 14.5;
				LD_RUNPATH_SEARCH_PATHS = (
					"$(inherited)",
					"@executable_path/Frameworks",
					"@loader_path/Frameworks",
				);
				PRODUCT_BUNDLE_IDENTIFIER = "engrave.Tests-iOS";
				PRODUCT_NAME = "$(TARGET_NAME)";
				SDKROOT = iphoneos;
				SWIFT_VERSION = 5.0;
				TARGETED_DEVICE_FAMILY = "1,2";
				TEST_TARGET_NAME = "MetalPlayground (iOS)";
			};
			name = Debug;
		};
		2BC2929C265107BB0019A6C1 /* Release */ = {
			isa = XCBuildConfiguration;
			buildSettings = {
				ALWAYS_EMBED_SWIFT_STANDARD_LIBRARIES = YES;
				CODE_SIGN_STYLE = Automatic;
				DEVELOPMENT_TEAM = 394NW83YCQ;
				INFOPLIST_FILE = "Tests iOS/Info.plist";
				IPHONEOS_DEPLOYMENT_TARGET = 14.5;
				LD_RUNPATH_SEARCH_PATHS = (
					"$(inherited)",
					"@executable_path/Frameworks",
					"@loader_path/Frameworks",
				);
				PRODUCT_BUNDLE_IDENTIFIER = "engrave.Tests-iOS";
				PRODUCT_NAME = "$(TARGET_NAME)";
				SDKROOT = iphoneos;
				SWIFT_VERSION = 5.0;
				TARGETED_DEVICE_FAMILY = "1,2";
				TEST_TARGET_NAME = "MetalPlayground (iOS)";
				VALIDATE_PRODUCT = YES;
			};
			name = Release;
		};
		2BC2929E265107BB0019A6C1 /* Debug */ = {
			isa = XCBuildConfiguration;
			buildSettings = {
				ALWAYS_EMBED_SWIFT_STANDARD_LIBRARIES = YES;
				CODE_SIGN_STYLE = Automatic;
				COMBINE_HIDPI_IMAGES = YES;
				DEVELOPMENT_TEAM = 394NW83YCQ;
				INFOPLIST_FILE = "Tests macOS/Info.plist";
				LD_RUNPATH_SEARCH_PATHS = (
					"$(inherited)",
					"@executable_path/../Frameworks",
					"@loader_path/../Frameworks",
				);
				MACOSX_DEPLOYMENT_TARGET = 11.3;
				PRODUCT_BUNDLE_IDENTIFIER = "engrave.Tests-macOS";
				PRODUCT_NAME = "$(TARGET_NAME)";
				SDKROOT = macosx;
				SWIFT_VERSION = 5.0;
				TEST_TARGET_NAME = "MetalPlayground (macOS)";
			};
			name = Debug;
		};
		2BC2929F265107BB0019A6C1 /* Release */ = {
			isa = XCBuildConfiguration;
			buildSettings = {
				ALWAYS_EMBED_SWIFT_STANDARD_LIBRARIES = YES;
				CODE_SIGN_STYLE = Automatic;
				COMBINE_HIDPI_IMAGES = YES;
				DEVELOPMENT_TEAM = 394NW83YCQ;
				INFOPLIST_FILE = "Tests macOS/Info.plist";
				LD_RUNPATH_SEARCH_PATHS = (
					"$(inherited)",
					"@executable_path/../Frameworks",
					"@loader_path/../Frameworks",
				);
				MACOSX_DEPLOYMENT_TARGET = 11.3;
				PRODUCT_BUNDLE_IDENTIFIER = "engrave.Tests-macOS";
				PRODUCT_NAME = "$(TARGET_NAME)";
				SDKROOT = macosx;
				SWIFT_VERSION = 5.0;
				TEST_TARGET_NAME = "MetalPlayground (macOS)";
			};
			name = Release;
		};
/* End XCBuildConfiguration section */

/* Begin XCConfigurationList section */
		2BC29261265107B80019A6C1 /* Build configuration list for PBXProject "MetalPlayground" */ = {
			isa = XCConfigurationList;
			buildConfigurations = (
				2BC29292265107BB0019A6C1 /* Debug */,
				2BC29293265107BB0019A6C1 /* Release */,
			);
			defaultConfigurationIsVisible = 0;
			defaultConfigurationName = Release;
		};
		2BC29294265107BB0019A6C1 /* Build configuration list for PBXNativeTarget "MetalPlayground (iOS)" */ = {
			isa = XCConfigurationList;
			buildConfigurations = (
				2BC29295265107BB0019A6C1 /* Debug */,
				2BC29296265107BB0019A6C1 /* Release */,
			);
			defaultConfigurationIsVisible = 0;
			defaultConfigurationName = Release;
		};
		2BC29297265107BB0019A6C1 /* Build configuration list for PBXNativeTarget "MetalPlayground (macOS)" */ = {
			isa = XCConfigurationList;
			buildConfigurations = (
				2BC29298265107BB0019A6C1 /* Debug */,
				2BC29299265107BB0019A6C1 /* Release */,
			);
			defaultConfigurationIsVisible = 0;
			defaultConfigurationName = Release;
		};
		2BC2929A265107BB0019A6C1 /* Build configuration list for PBXNativeTarget "Tests iOS" */ = {
			isa = XCConfigurationList;
			buildConfigurations = (
				2BC2929B265107BB0019A6C1 /* Debug */,
				2BC2929C265107BB0019A6C1 /* Release */,
			);
			defaultConfigurationIsVisible = 0;
			defaultConfigurationName = Release;
		};
		2BC2929D265107BB0019A6C1 /* Build configuration list for PBXNativeTarget "Tests macOS" */ = {
			isa = XCConfigurationList;
			buildConfigurations = (
				2BC2929E265107BB0019A6C1 /* Debug */,
				2BC2929F265107BB0019A6C1 /* Release */,
			);
			defaultConfigurationIsVisible = 0;
			defaultConfigurationName = Release;
		};
/* End XCConfigurationList section */
	};
	rootObject = 2BC2925E265107B80019A6C1 /* Project object */;
}
